
Microsoft Visual Studio Solution File, Format Version 12.00
Project("{FAE04EC0-301F-11D3-BF4B-00C04F79EFBC}") = "WebApp", "src\WebApp\WebApp.csproj", "{3D1BA275-2226-4D45-8354-ACF7800AF39F}"
EndProject
Project("{FAE04EC0-301F-11D3-BF4B-00C04F79EFBC}") = "EmailService", "src\EmailService\EmailService.csproj", "{8A1BE5DB-7760-4621-B7B2-6E81FC6C4F43}"
EndProject
Project("{FAE04EC0-301F-11D3-BF4B-00C04F79EFBC}") = "BackOfficeService", "src\BackOfficeService\BackOfficeService.csproj", "{0135FBBD-A5D6-4464-848F-F3119BA2884F}"
EndProject
Project("{FAE04EC0-301F-11D3-BF4B-00C04F79EFBC}") = "Core", "src\Core\Core.csproj", "{6E88FF6C-6246-42DF-AB54-C24E0C529136}"
EndProject
Global
	GlobalSection(SolutionConfigurationPlatforms) = preSolution
		Debug|Any CPU = Debug|Any CPU
		Release|Any CPU = Release|Any CPU
	EndGlobalSection
	GlobalSection(ProjectConfigurationPlatforms) = postSolution
		{3D1BA275-2226-4D45-8354-ACF7800AF39F}.Debug|Any CPU.ActiveCfg = Debug|Any CPU
		{3D1BA275-2226-4D45-8354-ACF7800AF39F}.Debug|Any CPU.Build.0 = Debug|Any CPU
		{3D1BA275-2226-4D45-8354-ACF7800AF39F}.Release|Any CPU.ActiveCfg = Release|Any CPU
		{3D1BA275-2226-4D45-8354-ACF7800AF39F}.Release|Any CPU.Build.0 = Release|Any CPU
		{8A1BE5DB-7760-4621-B7B2-6E81FC6C4F43}.Debug|Any CPU.ActiveCfg = Debug|Any CPU
		{8A1BE5DB-7760-4621-B7B2-6E81FC6C4F43}.Debug|Any CPU.Build.0 = Debug|Any CPU
		{8A1BE5DB-7760-4621-B7B2-6E81FC6C4F43}.Release|Any CPU.ActiveCfg = Release|Any CPU
		{8A1BE5DB-7760-4621-B7B2-6E81FC6C4F43}.Release|Any CPU.Build.0 = Release|Any CPU
		{0135FBBD-A5D6-4464-848F-F3119BA2884F}.Debug|Any CPU.ActiveCfg = Debug|Any CPU
		{0135FBBD-A5D6-4464-848F-F3119BA2884F}.Debug|Any CPU.Build.0 = Debug|Any CPU
		{0135FBBD-A5D6-4464-848F-F3119BA2884F}.Release|Any CPU.ActiveCfg = Release|Any CPU
		{0135FBBD-A5D6-4464-848F-F3119BA2884F}.Release|Any CPU.Build.0 = Release|Any CPU
		{6E88FF6C-6246-42DF-AB54-C24E0C529136}.Debug|Any CPU.ActiveCfg = Debug|Any CPU
		{6E88FF6C-6246-42DF-AB54-C24E0C529136}.Debug|Any CPU.Build.0 = Debug|Any CPU
		{6E88FF6C-6246-42DF-AB54-C24E0C529136}.Release|Any CPU.ActiveCfg = Release|Any CPU
		{6E88FF6C-6246-42DF-AB54-C24E0C529136}.Release|Any CPU.Build.0 = Release|Any CPU
	EndGlobalSection
EndGlobal
